
Microsoft Visual Studio Solution File, Format Version 12.00
# Visual Studio Version 17
VisualStudioVersion = 17.10.35013.160
MinimumVisualStudioVersion = 10.0.40219.1
Project("{FAE04EC0-301F-11D3-BF4B-00C04F79EFBC}") = "Core.Framework.Booking.Facade", "Core.Framework.Booking.Facade\Core.Framework.Booking.Facade.csproj", "{7076DFF3-528B-4FDF-8614-3056220B4BEC}"
EndProject
Project("{FAE04EC0-301F-11D3-BF4B-00C04F79EFBC}") = "IBE.Client.FlightFilter", "IBE.Client.FlightFilter\IBE.Client.FlightFilter.csproj", "{F71BD815-82A2-4409-B44C-8186C81ED79D}"
EndProject
Project("{FAE04EC0-301F-11D3-BF4B-00C04F79EFBC}") = "GiiftShopGateway.Model", "GiiftShopGateway.Model\GiiftShopGateway.Model.csproj", "{70532E14-1D6C-44D4-B236-BD1683899852}"
EndProject
Project("{FAE04EC0-301F-11D3-BF4B-00C04F79EFBC}") = "Core.Framework.PostHelper", "Core.Framework.PostHelper\Core.Framework.PostHelper.csproj", "{6587CE90-E5B8-4A9E-A230-479460A5CEDB}"
EndProject
Project("{E24C65DC-7377-472B-9ABA-BC803B73C61A}") = "Webclient", "..\Webclient\", "{AC12742B-0F73-4EEB-8B47-F30F6D719608}"
	ProjectSection(WebsiteProperties) = preProject
		TargetFrameworkMoniker = ".NETFramework,Version%3Dv4.8.1"
		ProjectReferences = "{7076DFF3-528B-4FDF-8614-3056220B4BEC}|Core.Framework.Booking.Facade.dll;{F71BD815-82A2-4409-B44C-8186C81ED79D}|IBE.Client.FlightFilter.dll;{708BBD73-CA4E-457D-B5A4-5649ACE53BFB}|Core.WebAPI.ClientHelper.dll;{6587ce90-e5b8-4a9e-a230-479460a5cedb}|Core.Framework.PostHelper.dll;{70532e14-1d6c-44d4-b236-bd1683899852}|GiiftShopGateway.Model.dll;{e8f9623e-7210-44f6-9e73-24262e589422}|CB.IBE.DomesticFlight.Entities.dll;{E03A4FD9-25AF-4CA0-8668-16CCCF8CC349}|CE.Entities.dll;{bfb5d46a-15ba-4917-b26e-a5bd15105874}|TransactionDetailsAdditionalInfo.Entities.dll;{3f7b6856-b36f-493e-a5b7-c0aa6cf46d80}|GiiftPaymentGateway.Entities.dll;{BCF8E756-8E46-4CE9-876E-C94FD33AFD6C}|ABC.Model.dll;{270b47a1-9a4c-431b-934a-d8d161c7cea0}|IBEAPI.ClientEntities.dll;{da816f60-d5ae-499f-a45d-7ec0c03c30fd}|IBEAPI.ClientHelper.dll;{f5392aec-b226-4e34-8807-e6cb6d2503d0}|IBEAPIGateway.Model.dll;{3564FE39-89E0-4FE0-B964-0E9B266A25D8}|BeMyGuest.ClientHelper.dll;{EDD7D84D-5921-45F3-8DA9-0BCA3AC04135}|BeMyGuest.Entities.dll;{DF3BA6F8-189E-4D98-8955-A1700383B711}|BeMyGuest.Implementor.dll;{9c4084f4-0165-40f4-9d60-6efc0c265409}|CB.IBE.Platform.Entities.dll;{03A92A74-7D52-41AA-B5DA-E3D947DC2E0B}|CB.IBE.Platform.Masters.Entities.dll;"
		Debug.AspNetCompiler.VirtualPath = "/localhost_63462"
		Debug.AspNetCompiler.PhysicalPath = "..\Webclient\"
		Debug.AspNetCompiler.TargetPath = "PrecompiledWeb\localhost_63462\"
		Debug.AspNetCompiler.Updateable = "true"
		Debug.AspNetCompiler.ForceOverwrite = "true"
		Debug.AspNetCompiler.FixedNames = "false"
		Debug.AspNetCompiler.Debug = "True"
		Release.AspNetCompiler.VirtualPath = "/localhost_63462"
		Release.AspNetCompiler.PhysicalPath = "..\Webclient\"
		Release.AspNetCompiler.TargetPath = "PrecompiledWeb\localhost_63462\"
		Release.AspNetCompiler.Updateable = "true"
		Release.AspNetCompiler.ForceOverwrite = "true"
		Release.AspNetCompiler.FixedNames = "false"
		Release.AspNetCompiler.Debug = "False"
		VWDPort = "63462"
		SlnRelativePath = "..\Webclient\"
	EndProjectSection
EndProject
Project("{FAE04EC0-301F-11D3-BF4B-00C04F79EFBC}") = "Core.WebAPI.ClientHelper", "Core.WebAPI.ClientHelper\Core.WebAPI.ClientHelper.csproj", "{708BBD73-CA4E-457D-B5A4-5649ACE53BFB}"
EndProject
Project("{2150E333-8FDC-42A3-9474-1A3956D46DE8}") = "Solution Items", "Solution Items", "{F0C4CF6C-0196-424C-98C6-FF1628449397}"
	ProjectSection(SolutionItems) = preProject
		.editorconfig = .editorconfig
	EndProjectSection
EndProject
Project("{9A19103F-16F7-4668-BE54-9A1E7A4F7556}") = "Core.Platform.Activation.BusinessFacade", "Core.Platform.Activation.BusinessFacade 6.0\Core.Platform.Activation.BusinessFacade.csproj", "{FE235288-4DA4-4C6B-BBC8-DF3D71013F4B}"
EndProject
Project("{FAE04EC0-301F-11D3-BF4B-00C04F79EFBC}") = "CB.IBE.DomesticFlight.Entities", "CB.IBE.DomesticFlight.Entities\CB.IBE.DomesticFlight.Entities.csproj", "{E8F9623E-7210-44F6-9E73-24262E589422}"
EndProject
Project("{FAE04EC0-301F-11D3-BF4B-00C04F79EFBC}") = "CE.Entities", "CE.Entities\CE.Entities.csproj", "{E03A4FD9-25AF-4CA0-8668-16CCCF8CC349}"
EndProject
Project("{FAE04EC0-301F-11D3-BF4B-00C04F79EFBC}") = "TransactionDetailsAdditionalInfo.Entities", "TransactionDetailsAdditionalInfo.Entities\TransactionDetailsAdditionalInfo.Entities.csproj", "{BFB5D46A-15BA-4917-B26E-A5BD15105874}"
EndProject
Project("{FAE04EC0-301F-11D3-BF4B-00C04F79EFBC}") = "GiiftPaymentGateway.Entities", "GiiftPaymentGateway.Entities\GiiftPaymentGateway.Entities.csproj", "{3F7B6856-B36F-493E-A5B7-C0AA6CF46D80}"
EndProject
Project("{FAE04EC0-301F-11D3-BF4B-00C04F79EFBC}") = "ABC.Model", "ABC.Model\ABC.Model.csproj", "{BCF8E756-8E46-4CE9-876E-C94FD33AFD6C}"
EndProject
Project("{FAE04EC0-301F-11D3-BF4B-00C04F79EFBC}") = "IBEAPI.ClientEntities", "IBEAPI.ClientEntities\IBEAPI.ClientEntities.csproj", "{270B47A1-9A4C-431B-934A-D8D161C7CEA0}"
EndProject
Project("{FAE04EC0-301F-11D3-BF4B-00C04F79EFBC}") = "IBEAPI.ClientHelper", "IBEAPI.ClientHelper\IBEAPI.ClientHelper.csproj", "{DA816F60-D5AE-499F-A45D-7EC0C03C30FD}"
EndProject
Project("{FAE04EC0-301F-11D3-BF4B-00C04F79EFBC}") = "IBEAPIGateway.Model", "IBEAPIGateway.Model\IBEAPIGateway.Model.csproj", "{F5392AEC-B226-4E34-8807-E6CB6D2503D0}"
EndProject
Project("{FAE04EC0-301F-11D3-BF4B-00C04F79EFBC}") = "BeMyGuest.Implementor", "BeMyGuest.Implementor\BeMyGuest.Implementor.csproj", "{DF3BA6F8-189E-4D98-8955-A1700383B711}"
EndProject
Project("{FAE04EC0-301F-11D3-BF4B-00C04F79EFBC}") = "BeMyGuest.Entities", "BeMyGuest.Entities\BeMyGuest.Entities.csproj", "{EDD7D84D-5921-45F3-8DA9-0BCA3AC04135}"
EndProject
Project("{FAE04EC0-301F-11D3-BF4B-00C04F79EFBC}") = "BeMyGuest.ClientHelper", "BeMyGuest.ClientHelper\BeMyGuest.ClientHelper.csproj", "{3564FE39-89E0-4FE0-B964-0E9B266A25D8}"
EndProject
Project("{FAE04EC0-301F-11D3-BF4B-00C04F79EFBC}") = "CB.IBE.Platform.Entities", "CB.IBE.Platform.Entities\CB.IBE.Platform.Entities.csproj", "{9C4084F4-0165-40F4-9D60-6EFC0C265409}"
EndProject
Project("{FAE04EC0-301F-11D3-BF4B-00C04F79EFBC}") = "CB.IBE.Platform.Masters.Entities", "CB.IBE.Platform.Masters.Entities\CB.IBE.Platform.Masters.Entities.csproj", "{03A92A74-7D52-41AA-B5DA-E3D947DC2E0B}"
EndProject
Project("{FAE04EC0-301F-11D3-BF4B-00C04F79EFBC}") = "Core.Framework.Booking.Model", "Core.Framework.Booking.Model\Core.Framework.Booking.Model.csproj", "{144B0390-C460-419F-A905-8BDB5F95A11A}"
EndProject
Global
	GlobalSection(SolutionConfigurationPlatforms) = preSolution
		Debug|Any CPU = Debug|Any CPU
		Debug|x64 = Debug|x64
		Release|Any CPU = Release|Any CPU
		Release|x64 = Release|x64
	EndGlobalSection
	GlobalSection(ProjectConfigurationPlatforms) = postSolution
		{7076DFF3-528B-4FDF-8614-3056220B4BEC}.Debug|Any CPU.ActiveCfg = Debug|Any CPU
		{7076DFF3-528B-4FDF-8614-3056220B4BEC}.Debug|Any CPU.Build.0 = Debug|Any CPU
		{7076DFF3-528B-4FDF-8614-3056220B4BEC}.Debug|x64.ActiveCfg = Debug|Any CPU
		{7076DFF3-528B-4FDF-8614-3056220B4BEC}.Debug|x64.Build.0 = Debug|Any CPU
		{7076DFF3-528B-4FDF-8614-3056220B4BEC}.Release|Any CPU.ActiveCfg = Release|Any CPU
		{7076DFF3-528B-4FDF-8614-3056220B4BEC}.Release|Any CPU.Build.0 = Release|Any CPU
		{7076DFF3-528B-4FDF-8614-3056220B4BEC}.Release|x64.ActiveCfg = Release|Any CPU
		{7076DFF3-528B-4FDF-8614-3056220B4BEC}.Release|x64.Build.0 = Release|Any CPU
		{F71BD815-82A2-4409-B44C-8186C81ED79D}.Debug|Any CPU.ActiveCfg = Debug|Any CPU
		{F71BD815-82A2-4409-B44C-8186C81ED79D}.Debug|Any CPU.Build.0 = Debug|Any CPU
		{F71BD815-82A2-4409-B44C-8186C81ED79D}.Debug|x64.ActiveCfg = Debug|Any CPU
		{F71BD815-82A2-4409-B44C-8186C81ED79D}.Debug|x64.Build.0 = Debug|Any CPU
		{F71BD815-82A2-4409-B44C-8186C81ED79D}.Release|Any CPU.ActiveCfg = Release|Any CPU
		{F71BD815-82A2-4409-B44C-8186C81ED79D}.Release|Any CPU.Build.0 = Release|Any CPU
		{F71BD815-82A2-4409-B44C-8186C81ED79D}.Release|x64.ActiveCfg = Release|Any CPU
		{F71BD815-82A2-4409-B44C-8186C81ED79D}.Release|x64.Build.0 = Release|Any CPU
		{70532E14-1D6C-44D4-B236-BD1683899852}.Debug|Any CPU.ActiveCfg = Debug|Any CPU
		{70532E14-1D6C-44D4-B236-BD1683899852}.Debug|Any CPU.Build.0 = Debug|Any CPU
		{70532E14-1D6C-44D4-B236-BD1683899852}.Debug|x64.ActiveCfg = Debug|Any CPU
		{70532E14-1D6C-44D4-B236-BD1683899852}.Debug|x64.Build.0 = Debug|Any CPU
		{70532E14-1D6C-44D4-B236-BD1683899852}.Release|Any CPU.ActiveCfg = Release|Any CPU
		{70532E14-1D6C-44D4-B236-BD1683899852}.Release|Any CPU.Build.0 = Release|Any CPU
		{70532E14-1D6C-44D4-B236-BD1683899852}.Release|x64.ActiveCfg = Release|Any CPU
		{70532E14-1D6C-44D4-B236-BD1683899852}.Release|x64.Build.0 = Release|Any CPU
		{6587CE90-E5B8-4A9E-A230-479460A5CEDB}.Debug|Any CPU.ActiveCfg = Debug|Any CPU
		{6587CE90-E5B8-4A9E-A230-479460A5CEDB}.Debug|Any CPU.Build.0 = Debug|Any CPU
		{6587CE90-E5B8-4A9E-A230-479460A5CEDB}.Debug|x64.ActiveCfg = Debug|Any CPU
		{6587CE90-E5B8-4A9E-A230-479460A5CEDB}.Debug|x64.Build.0 = Debug|Any CPU
		{6587CE90-E5B8-4A9E-A230-479460A5CEDB}.Release|Any CPU.ActiveCfg = Release|Any CPU
		{6587CE90-E5B8-4A9E-A230-479460A5CEDB}.Release|Any CPU.Build.0 = Release|Any CPU
		{6587CE90-E5B8-4A9E-A230-479460A5CEDB}.Release|x64.ActiveCfg = Release|Any CPU
		{6587CE90-E5B8-4A9E-A230-479460A5CEDB}.Release|x64.Build.0 = Release|Any CPU
		{AC12742B-0F73-4EEB-8B47-F30F6D719608}.Debug|Any CPU.ActiveCfg = Debug|Any CPU
		{AC12742B-0F73-4EEB-8B47-F30F6D719608}.Debug|Any CPU.Build.0 = Debug|Any CPU
		{AC12742B-0F73-4EEB-8B47-F30F6D719608}.Debug|x64.ActiveCfg = Debug|Any CPU
		{AC12742B-0F73-4EEB-8B47-F30F6D719608}.Debug|x64.Build.0 = Debug|Any CPU
		{AC12742B-0F73-4EEB-8B47-F30F6D719608}.Release|Any CPU.ActiveCfg = Debug|Any CPU
		{AC12742B-0F73-4EEB-8B47-F30F6D719608}.Release|Any CPU.Build.0 = Debug|Any CPU
		{AC12742B-0F73-4EEB-8B47-F30F6D719608}.Release|x64.ActiveCfg = Debug|Any CPU
		{AC12742B-0F73-4EEB-8B47-F30F6D719608}.Release|x64.Build.0 = Debug|Any CPU
		{708BBD73-CA4E-457D-B5A4-5649ACE53BFB}.Debug|Any CPU.ActiveCfg = Debug|Any CPU
		{708BBD73-CA4E-457D-B5A4-5649ACE53BFB}.Debug|Any CPU.Build.0 = Debug|Any CPU
		{708BBD73-CA4E-457D-B5A4-5649ACE53BFB}.Debug|x64.ActiveCfg = Debug|Any CPU
		{708BBD73-CA4E-457D-B5A4-5649ACE53BFB}.Debug|x64.Build.0 = Debug|Any CPU
		{708BBD73-CA4E-457D-B5A4-5649ACE53BFB}.Release|Any CPU.ActiveCfg = Release|Any CPU
		{708BBD73-CA4E-457D-B5A4-5649ACE53BFB}.Release|Any CPU.Build.0 = Release|Any CPU
		{708BBD73-CA4E-457D-B5A4-5649ACE53BFB}.Release|x64.ActiveCfg = Release|Any CPU
		{708BBD73-CA4E-457D-B5A4-5649ACE53BFB}.Release|x64.Build.0 = Release|Any CPU
		{FE235288-4DA4-4C6B-BBC8-DF3D71013F4B}.Debug|Any CPU.ActiveCfg = Debug|Any CPU
		{FE235288-4DA4-4C6B-BBC8-DF3D71013F4B}.Debug|Any CPU.Build.0 = Debug|Any CPU
		{FE235288-4DA4-4C6B-BBC8-DF3D71013F4B}.Debug|x64.ActiveCfg = Debug|Any CPU
		{FE235288-4DA4-4C6B-BBC8-DF3D71013F4B}.Debug|x64.Build.0 = Debug|Any CPU
		{FE235288-4DA4-4C6B-BBC8-DF3D71013F4B}.Release|Any CPU.ActiveCfg = Release|Any CPU
		{FE235288-4DA4-4C6B-BBC8-DF3D71013F4B}.Release|Any CPU.Build.0 = Release|Any CPU
		{FE235288-4DA4-4C6B-BBC8-DF3D71013F4B}.Release|x64.ActiveCfg = Release|Any CPU
		{FE235288-4DA4-4C6B-BBC8-DF3D71013F4B}.Release|x64.Build.0 = Release|Any CPU
		{E8F9623E-7210-44F6-9E73-24262E589422}.Debug|Any CPU.ActiveCfg = Debug|Any CPU
		{E8F9623E-7210-44F6-9E73-24262E589422}.Debug|Any CPU.Build.0 = Debug|Any CPU
		{E8F9623E-7210-44F6-9E73-24262E589422}.Debug|x64.ActiveCfg = Debug|Any CPU
		{E8F9623E-7210-44F6-9E73-24262E589422}.Debug|x64.Build.0 = Debug|Any CPU
		{E8F9623E-7210-44F6-9E73-24262E589422}.Release|Any CPU.ActiveCfg = Release|Any CPU
		{E8F9623E-7210-44F6-9E73-24262E589422}.Release|Any CPU.Build.0 = Release|Any CPU
		{E8F9623E-7210-44F6-9E73-24262E589422}.Release|x64.ActiveCfg = Release|Any CPU
		{E8F9623E-7210-44F6-9E73-24262E589422}.Release|x64.Build.0 = Release|Any CPU
		{E03A4FD9-25AF-4CA0-8668-16CCCF8CC349}.Debug|Any CPU.ActiveCfg = Debug|Any CPU
		{E03A4FD9-25AF-4CA0-8668-16CCCF8CC349}.Debug|Any CPU.Build.0 = Debug|Any CPU
		{E03A4FD9-25AF-4CA0-8668-16CCCF8CC349}.Debug|x64.ActiveCfg = Debug|Any CPU
		{E03A4FD9-25AF-4CA0-8668-16CCCF8CC349}.Debug|x64.Build.0 = Debug|Any CPU
		{E03A4FD9-25AF-4CA0-8668-16CCCF8CC349}.Release|Any CPU.ActiveCfg = Release|Any CPU
		{E03A4FD9-25AF-4CA0-8668-16CCCF8CC349}.Release|Any CPU.Build.0 = Release|Any CPU
		{E03A4FD9-25AF-4CA0-8668-16CCCF8CC349}.Release|x64.ActiveCfg = Release|Any CPU
		{E03A4FD9-25AF-4CA0-8668-16CCCF8CC349}.Release|x64.Build.0 = Release|Any CPU
		{BFB5D46A-15BA-4917-B26E-A5BD15105874}.Debug|Any CPU.ActiveCfg = Debug|Any CPU
		{BFB5D46A-15BA-4917-B26E-A5BD15105874}.Debug|Any CPU.Build.0 = Debug|Any CPU
		{BFB5D46A-15BA-4917-B26E-A5BD15105874}.Debug|x64.ActiveCfg = Debug|Any CPU
		{BFB5D46A-15BA-4917-B26E-A5BD15105874}.Debug|x64.Build.0 = Debug|Any CPU
		{BFB5D46A-15BA-4917-B26E-A5BD15105874}.Release|Any CPU.ActiveCfg = Release|Any CPU
		{BFB5D46A-15BA-4917-B26E-A5BD15105874}.Release|Any CPU.Build.0 = Release|Any CPU
		{BFB5D46A-15BA-4917-B26E-A5BD15105874}.Release|x64.ActiveCfg = Release|Any CPU
		{BFB5D46A-15BA-4917-B26E-A5BD15105874}.Release|x64.Build.0 = Release|Any CPU
		{3F7B6856-B36F-493E-A5B7-C0AA6CF46D80}.Debug|Any CPU.ActiveCfg = Debug|Any CPU
		{3F7B6856-B36F-493E-A5B7-C0AA6CF46D80}.Debug|Any CPU.Build.0 = Debug|Any CPU
		{3F7B6856-B36F-493E-A5B7-C0AA6CF46D80}.Debug|x64.ActiveCfg = Debug|Any CPU
		{3F7B6856-B36F-493E-A5B7-C0AA6CF46D80}.Debug|x64.Build.0 = Debug|Any CPU
		{3F7B6856-B36F-493E-A5B7-C0AA6CF46D80}.Release|Any CPU.ActiveCfg = Release|Any CPU
		{3F7B6856-B36F-493E-A5B7-C0AA6CF46D80}.Release|Any CPU.Build.0 = Release|Any CPU
		{3F7B6856-B36F-493E-A5B7-C0AA6CF46D80}.Release|x64.ActiveCfg = Release|Any CPU
		{3F7B6856-B36F-493E-A5B7-C0AA6CF46D80}.Release|x64.Build.0 = Release|Any CPU
		{BCF8E756-8E46-4CE9-876E-C94FD33AFD6C}.Debug|Any CPU.ActiveCfg = Debug|Any CPU
		{BCF8E756-8E46-4CE9-876E-C94FD33AFD6C}.Debug|Any CPU.Build.0 = Debug|Any CPU
		{BCF8E756-8E46-4CE9-876E-C94FD33AFD6C}.Debug|x64.ActiveCfg = Debug|Any CPU
		{BCF8E756-8E46-4CE9-876E-C94FD33AFD6C}.Debug|x64.Build.0 = Debug|Any CPU
		{BCF8E756-8E46-4CE9-876E-C94FD33AFD6C}.Release|Any CPU.ActiveCfg = Release|Any CPU
		{BCF8E756-8E46-4CE9-876E-C94FD33AFD6C}.Release|Any CPU.Build.0 = Release|Any CPU
		{BCF8E756-8E46-4CE9-876E-C94FD33AFD6C}.Release|x64.ActiveCfg = Release|Any CPU
		{BCF8E756-8E46-4CE9-876E-C94FD33AFD6C}.Release|x64.Build.0 = Release|Any CPU
		{270B47A1-9A4C-431B-934A-D8D161C7CEA0}.Debug|Any CPU.ActiveCfg = Debug|Any CPU
		{270B47A1-9A4C-431B-934A-D8D161C7CEA0}.Debug|Any CPU.Build.0 = Debug|Any CPU
		{270B47A1-9A4C-431B-934A-D8D161C7CEA0}.Debug|x64.ActiveCfg = Debug|Any CPU
		{270B47A1-9A4C-431B-934A-D8D161C7CEA0}.Debug|x64.Build.0 = Debug|Any CPU
		{270B47A1-9A4C-431B-934A-D8D161C7CEA0}.Release|Any CPU.ActiveCfg = Release|Any CPU
		{270B47A1-9A4C-431B-934A-D8D161C7CEA0}.Release|Any CPU.Build.0 = Release|Any CPU
		{270B47A1-9A4C-431B-934A-D8D161C7CEA0}.Release|x64.ActiveCfg = Release|Any CPU
		{270B47A1-9A4C-431B-934A-D8D161C7CEA0}.Release|x64.Build.0 = Release|Any CPU
		{DA816F60-D5AE-499F-A45D-7EC0C03C30FD}.Debug|Any CPU.ActiveCfg = Debug|Any CPU
		{DA816F60-D5AE-499F-A45D-7EC0C03C30FD}.Debug|Any CPU.Build.0 = Debug|Any CPU
		{DA816F60-D5AE-499F-A45D-7EC0C03C30FD}.Debug|x64.ActiveCfg = Debug|Any CPU
		{DA816F60-D5AE-499F-A45D-7EC0C03C30FD}.Debug|x64.Build.0 = Debug|Any CPU
		{DA816F60-D5AE-499F-A45D-7EC0C03C30FD}.Release|Any CPU.ActiveCfg = Release|Any CPU
		{DA816F60-D5AE-499F-A45D-7EC0C03C30FD}.Release|Any CPU.Build.0 = Release|Any CPU
		{DA816F60-D5AE-499F-A45D-7EC0C03C30FD}.Release|x64.ActiveCfg = Release|Any CPU
		{DA816F60-D5AE-499F-A45D-7EC0C03C30FD}.Release|x64.Build.0 = Release|Any CPU
		{F5392AEC-B226-4E34-8807-E6CB6D2503D0}.Debug|Any CPU.ActiveCfg = Debug|Any CPU
		{F5392AEC-B226-4E34-8807-E6CB6D2503D0}.Debug|Any CPU.Build.0 = Debug|Any CPU
		{F5392AEC-B226-4E34-8807-E6CB6D2503D0}.Debug|x64.ActiveCfg = Debug|Any CPU
		{F5392AEC-B226-4E34-8807-E6CB6D2503D0}.Debug|x64.Build.0 = Debug|Any CPU
		{F5392AEC-B226-4E34-8807-E6CB6D2503D0}.Release|Any CPU.ActiveCfg = Release|Any CPU
		{F5392AEC-B226-4E34-8807-E6CB6D2503D0}.Release|Any CPU.Build.0 = Release|Any CPU
		{F5392AEC-B226-4E34-8807-E6CB6D2503D0}.Release|x64.ActiveCfg = Release|Any CPU
		{F5392AEC-B226-4E34-8807-E6CB6D2503D0}.Release|x64.Build.0 = Release|Any CPU
		{DF3BA6F8-189E-4D98-8955-A1700383B711}.Debug|Any CPU.ActiveCfg = Debug|Any CPU
		{DF3BA6F8-189E-4D98-8955-A1700383B711}.Debug|Any CPU.Build.0 = Debug|Any CPU
		{DF3BA6F8-189E-4D98-8955-A1700383B711}.Debug|x64.ActiveCfg = Debug|Any CPU
		{DF3BA6F8-189E-4D98-8955-A1700383B711}.Debug|x64.Build.0 = Debug|Any CPU
		{DF3BA6F8-189E-4D98-8955-A1700383B711}.Release|Any CPU.ActiveCfg = Release|Any CPU
		{DF3BA6F8-189E-4D98-8955-A1700383B711}.Release|Any CPU.Build.0 = Release|Any CPU
		{DF3BA6F8-189E-4D98-8955-A1700383B711}.Release|x64.ActiveCfg = Release|Any CPU
		{DF3BA6F8-189E-4D98-8955-A1700383B711}.Release|x64.Build.0 = Release|Any CPU
		{EDD7D84D-5921-45F3-8DA9-0BCA3AC04135}.Debug|Any CPU.ActiveCfg = Debug|Any CPU
		{EDD7D84D-5921-45F3-8DA9-0BCA3AC04135}.Debug|Any CPU.Build.0 = Debug|Any CPU
		{EDD7D84D-5921-45F3-8DA9-0BCA3AC04135}.Debug|x64.ActiveCfg = Debug|Any CPU
		{EDD7D84D-5921-45F3-8DA9-0BCA3AC04135}.Debug|x64.Build.0 = Debug|Any CPU
		{EDD7D84D-5921-45F3-8DA9-0BCA3AC04135}.Release|Any CPU.ActiveCfg = Release|Any CPU
		{EDD7D84D-5921-45F3-8DA9-0BCA3AC04135}.Release|Any CPU.Build.0 = Release|Any CPU
		{EDD7D84D-5921-45F3-8DA9-0BCA3AC04135}.Release|x64.ActiveCfg = Release|Any CPU
		{EDD7D84D-5921-45F3-8DA9-0BCA3AC04135}.Release|x64.Build.0 = Release|Any CPU
		{3564FE39-89E0-4FE0-B964-0E9B266A25D8}.Debug|Any CPU.ActiveCfg = Debug|Any CPU
		{3564FE39-89E0-4FE0-B964-0E9B266A25D8}.Debug|Any CPU.Build.0 = Debug|Any CPU
		{3564FE39-89E0-4FE0-B964-0E9B266A25D8}.Debug|x64.ActiveCfg = Debug|Any CPU
		{3564FE39-89E0-4FE0-B964-0E9B266A25D8}.Debug|x64.Build.0 = Debug|Any CPU
		{3564FE39-89E0-4FE0-B964-0E9B266A25D8}.Release|Any CPU.ActiveCfg = Release|Any CPU
		{3564FE39-89E0-4FE0-B964-0E9B266A25D8}.Release|Any CPU.Build.0 = Release|Any CPU
		{3564FE39-89E0-4FE0-B964-0E9B266A25D8}.Release|x64.ActiveCfg = Release|Any CPU
		{3564FE39-89E0-4FE0-B964-0E9B266A25D8}.Release|x64.Build.0 = Release|Any CPU
		{9C4084F4-0165-40F4-9D60-6EFC0C265409}.Debug|Any CPU.ActiveCfg = Debug|Any CPU
		{9C4084F4-0165-40F4-9D60-6EFC0C265409}.Debug|Any CPU.Build.0 = Debug|Any CPU
		{9C4084F4-0165-40F4-9D60-6EFC0C265409}.Debug|x64.ActiveCfg = Debug|Any CPU
		{9C4084F4-0165-40F4-9D60-6EFC0C265409}.Debug|x64.Build.0 = Debug|Any CPU
		{9C4084F4-0165-40F4-9D60-6EFC0C265409}.Release|Any CPU.ActiveCfg = Release|Any CPU
		{9C4084F4-0165-40F4-9D60-6EFC0C265409}.Release|Any CPU.Build.0 = Release|Any CPU
		{9C4084F4-0165-40F4-9D60-6EFC0C265409}.Release|x64.ActiveCfg = Release|Any CPU
		{9C4084F4-0165-40F4-9D60-6EFC0C265409}.Release|x64.Build.0 = Release|Any CPU
		{03A92A74-7D52-41AA-B5DA-E3D947DC2E0B}.Debug|Any CPU.ActiveCfg = Debug|Any CPU
		{03A92A74-7D52-41AA-B5DA-E3D947DC2E0B}.Debug|Any CPU.Build.0 = Debug|Any CPU
		{03A92A74-7D52-41AA-B5DA-E3D947DC2E0B}.Debug|x64.ActiveCfg = Debug|Any CPU
		{03A92A74-7D52-41AA-B5DA-E3D947DC2E0B}.Debug|x64.Build.0 = Debug|Any CPU
		{03A92A74-7D52-41AA-B5DA-E3D947DC2E0B}.Release|Any CPU.ActiveCfg = Release|Any CPU
		{03A92A74-7D52-41AA-B5DA-E3D947DC2E0B}.Release|Any CPU.Build.0 = Release|Any CPU
		{03A92A74-7D52-41AA-B5DA-E3D947DC2E0B}.Release|x64.ActiveCfg = Release|Any CPU
		{03A92A74-7D52-41AA-B5DA-E3D947DC2E0B}.Release|x64.Build.0 = Release|Any CPU
		{144B0390-C460-419F-A905-8BDB5F95A11A}.Debug|Any CPU.ActiveCfg = Debug|Any CPU
		{144B0390-C460-419F-A905-8BDB5F95A11A}.Debug|Any CPU.Build.0 = Debug|Any CPU
		{144B0390-C460-419F-A905-8BDB5F95A11A}.Debug|x64.ActiveCfg = Debug|Any CPU
		{144B0390-C460-419F-A905-8BDB5F95A11A}.Debug|x64.Build.0 = Debug|Any CPU
		{144B0390-C460-419F-A905-8BDB5F95A11A}.Release|Any CPU.ActiveCfg = Release|Any CPU
		{144B0390-C460-419F-A905-8BDB5F95A11A}.Release|Any CPU.Build.0 = Release|Any CPU
		{144B0390-C460-419F-A905-8BDB5F95A11A}.Release|x64.ActiveCfg = Release|Any CPU
		{144B0390-C460-419F-A905-8BDB5F95A11A}.Release|x64.Build.0 = Release|Any CPU
	EndGlobalSection
	GlobalSection(SolutionProperties) = preSolution
		HideSolutionNode = FALSE
	EndGlobalSection
	GlobalSection(ExtensibilityGlobals) = postSolution
		SolutionGuid = {FC84D292-3BD0-41DA-B961-22568ADC452B}
	EndGlobalSection
EndGlobal
